
Microsoft Visual Studio Solution File, Format Version 12.00
# Visual Studio Version 17
VisualStudioVersion = 17.7.34221.43
MinimumVisualStudioVersion = 10.0.40219.1
Project("{FAE04EC0-301F-11D3-BF4B-00C04F79EFBC}") = "PPtask1", "PPtask1\PPtask1.csproj", "{1EF34599-EEA5-4E3B-ADC7-6D126712134D}"
EndProject
Global
	GlobalSection(SolutionConfigurationPlatforms) = preSolution
		Debug|Any CPU = Debug|Any CPU
		Release|Any CPU = Release|Any CPU
	EndGlobalSection
	GlobalSection(ProjectConfigurationPlatforms) = postSolution
		{1EF34599-EEA5-4E3B-ADC7-6D126712134D}.Debug|Any CPU.ActiveCfg = Debug|Any CPU
		{1EF34599-EEA5-4E3B-ADC7-6D126712134D}.Debug|Any CPU.Build.0 = Debug|Any CPU
		{1EF34599-EEA5-4E3B-ADC7-6D126712134D}.Release|Any CPU.ActiveCfg = Release|Any CPU
		{1EF34599-EEA5-4E3B-ADC7-6D126712134D}.Release|Any CPU.Build.0 = Release|Any CPU
	EndGlobalSection
	GlobalSection(SolutionProperties) = preSolution
		HideSolutionNode = FALSE
	EndGlobalSection
	GlobalSection(ExtensibilityGlobals) = postSolution
		SolutionGuid = {4C725E21-00EE-42AF-BFC5-321A5B8759D2}
	EndGlobalSection
EndGlobal
